
Microsoft Visual Studio Solution File, Format Version 12.00
# Visual Studio Version 17
VisualStudioVersion = 17.13.35818.85 d17.13
MinimumVisualStudioVersion = 10.0.40219.1
Project("{FAE04EC0-301F-11D3-BF4B-00C04F79EFBC}") = "task_03", "task_03\task_03.csproj", "{E1212BDD-F472-41F5-8C6B-AC9B3B9CBB20}"
EndProject
Global
	GlobalSection(SolutionConfigurationPlatforms) = preSolution
		Debug|Any CPU = Debug|Any CPU
		Release|Any CPU = Release|Any CPU
	EndGlobalSection
	GlobalSection(ProjectConfigurationPlatforms) = postSolution
		{E1212BDD-F472-41F5-8C6B-AC9B3B9CBB20}.Debug|Any CPU.ActiveCfg = Debug|Any CPU
		{E1212BDD-F472-41F5-8C6B-AC9B3B9CBB20}.Debug|Any CPU.Build.0 = Debug|Any CPU
		{E1212BDD-F472-41F5-8C6B-AC9B3B9CBB20}.Release|Any CPU.ActiveCfg = Release|Any CPU
		{E1212BDD-F472-41F5-8C6B-AC9B3B9CBB20}.Release|Any CPU.Build.0 = Release|Any CPU
	EndGlobalSection
	GlobalSection(SolutionProperties) = preSolution
		HideSolutionNode = FALSE
	EndGlobalSection
	GlobalSection(ExtensibilityGlobals) = postSolution
		SolutionGuid = {F912A8C5-B8B6-4B8B-8A75-2D414F1CBC83}
	EndGlobalSection
EndGlobal
