
Microsoft Visual Studio Solution File, Format Version 12.00
# Visual Studio Version 17
VisualStudioVersion = 17.13.35818.85 d17.13
MinimumVisualStudioVersion = 10.0.40219.1
Project("{FAE04EC0-301F-11D3-BF4B-00C04F79EFBC}") = "task_11", "task_11\task_11.csproj", "{D2454F6E-773A-4FB3-A947-B5A469BCD48D}"
EndProject
Global
	GlobalSection(SolutionConfigurationPlatforms) = preSolution
		Debug|Any CPU = Debug|Any CPU
		Release|Any CPU = Release|Any CPU
	EndGlobalSection
	GlobalSection(ProjectConfigurationPlatforms) = postSolution
		{D2454F6E-773A-4FB3-A947-B5A469BCD48D}.Debug|Any CPU.ActiveCfg = Debug|Any CPU
		{D2454F6E-773A-4FB3-A947-B5A469BCD48D}.Debug|Any CPU.Build.0 = Debug|Any CPU
		{D2454F6E-773A-4FB3-A947-B5A469BCD48D}.Release|Any CPU.ActiveCfg = Release|Any CPU
		{D2454F6E-773A-4FB3-A947-B5A469BCD48D}.Release|Any CPU.Build.0 = Release|Any CPU
	EndGlobalSection
	GlobalSection(SolutionProperties) = preSolution
		HideSolutionNode = FALSE
	EndGlobalSection
	GlobalSection(ExtensibilityGlobals) = postSolution
		SolutionGuid = {E37465ED-0D11-4A93-8C6C-60D935860583}
	EndGlobalSection
EndGlobal
