
Microsoft Visual Studio Solution File, Format Version 12.00
# Visual Studio Version 17
VisualStudioVersion = 17.13.35818.85 d17.13
MinimumVisualStudioVersion = 10.0.40219.1
Project("{FAE04EC0-301F-11D3-BF4B-00C04F79EFBC}") = "task_16", "task_16\task_16.csproj", "{1F341691-C1AC-4764-A035-FC155FC261B2}"
EndProject
Global
	GlobalSection(SolutionConfigurationPlatforms) = preSolution
		Debug|Any CPU = Debug|Any CPU
		Release|Any CPU = Release|Any CPU
	EndGlobalSection
	GlobalSection(ProjectConfigurationPlatforms) = postSolution
		{1F341691-C1AC-4764-A035-FC155FC261B2}.Debug|Any CPU.ActiveCfg = Debug|Any CPU
		{1F341691-C1AC-4764-A035-FC155FC261B2}.Debug|Any CPU.Build.0 = Debug|Any CPU
		{1F341691-C1AC-4764-A035-FC155FC261B2}.Release|Any CPU.ActiveCfg = Release|Any CPU
		{1F341691-C1AC-4764-A035-FC155FC261B2}.Release|Any CPU.Build.0 = Release|Any CPU
	EndGlobalSection
	GlobalSection(SolutionProperties) = preSolution
		HideSolutionNode = FALSE
	EndGlobalSection
	GlobalSection(ExtensibilityGlobals) = postSolution
		SolutionGuid = {70314EAF-32C4-430F-8F20-5FF4A1688E22}
	EndGlobalSection
EndGlobal
