
Microsoft Visual Studio Solution File, Format Version 12.00
# Visual Studio Version 17
VisualStudioVersion = 17.13.35818.85 d17.13
MinimumVisualStudioVersion = 10.0.40219.1
Project("{FAE04EC0-301F-11D3-BF4B-00C04F79EFBC}") = "task_01", "task_01\task_01.csproj", "{DD05742F-889A-4793-8AAB-991CAAE38867}"
EndProject
Global
	GlobalSection(SolutionConfigurationPlatforms) = preSolution
		Debug|Any CPU = Debug|Any CPU
		Release|Any CPU = Release|Any CPU
	EndGlobalSection
	GlobalSection(ProjectConfigurationPlatforms) = postSolution
		{DD05742F-889A-4793-8AAB-991CAAE38867}.Debug|Any CPU.ActiveCfg = Debug|Any CPU
		{DD05742F-889A-4793-8AAB-991CAAE38867}.Debug|Any CPU.Build.0 = Debug|Any CPU
		{DD05742F-889A-4793-8AAB-991CAAE38867}.Release|Any CPU.ActiveCfg = Release|Any CPU
		{DD05742F-889A-4793-8AAB-991CAAE38867}.Release|Any CPU.Build.0 = Release|Any CPU
	EndGlobalSection
	GlobalSection(SolutionProperties) = preSolution
		HideSolutionNode = FALSE
	EndGlobalSection
	GlobalSection(ExtensibilityGlobals) = postSolution
		SolutionGuid = {6CA5AD2D-B348-465F-BBE3-6E55FF8EC238}
	EndGlobalSection
EndGlobal
