
Microsoft Visual Studio Solution File, Format Version 12.00
# Visual Studio Version 17
VisualStudioVersion = 17.13.35818.85 d17.13
MinimumVisualStudioVersion = 10.0.40219.1
Project("{FAE04EC0-301F-11D3-BF4B-00C04F79EFBC}") = "task_12", "task_12\task_12.csproj", "{1656B18B-250F-4F44-957C-337032612BBC}"
EndProject
Global
	GlobalSection(SolutionConfigurationPlatforms) = preSolution
		Debug|Any CPU = Debug|Any CPU
		Release|Any CPU = Release|Any CPU
	EndGlobalSection
	GlobalSection(ProjectConfigurationPlatforms) = postSolution
		{1656B18B-250F-4F44-957C-337032612BBC}.Debug|Any CPU.ActiveCfg = Debug|Any CPU
		{1656B18B-250F-4F44-957C-337032612BBC}.Debug|Any CPU.Build.0 = Debug|Any CPU
		{1656B18B-250F-4F44-957C-337032612BBC}.Release|Any CPU.ActiveCfg = Release|Any CPU
		{1656B18B-250F-4F44-957C-337032612BBC}.Release|Any CPU.Build.0 = Release|Any CPU
	EndGlobalSection
	GlobalSection(SolutionProperties) = preSolution
		HideSolutionNode = FALSE
	EndGlobalSection
	GlobalSection(ExtensibilityGlobals) = postSolution
		SolutionGuid = {382EB369-FCE9-4DBA-A55F-D62F6DE30F47}
	EndGlobalSection
EndGlobal
