
Microsoft Visual Studio Solution File, Format Version 12.00
# Visual Studio Version 17
VisualStudioVersion = 17.13.35818.85 d17.13
MinimumVisualStudioVersion = 10.0.40219.1
Project("{FAE04EC0-301F-11D3-BF4B-00C04F79EFBC}") = "task_03", "task_03\task_03.csproj", "{95C1363C-BC2A-4A7F-A59C-7212CDDBC815}"
EndProject
Global
	GlobalSection(SolutionConfigurationPlatforms) = preSolution
		Debug|Any CPU = Debug|Any CPU
		Release|Any CPU = Release|Any CPU
	EndGlobalSection
	GlobalSection(ProjectConfigurationPlatforms) = postSolution
		{95C1363C-BC2A-4A7F-A59C-7212CDDBC815}.Debug|Any CPU.ActiveCfg = Debug|Any CPU
		{95C1363C-BC2A-4A7F-A59C-7212CDDBC815}.Debug|Any CPU.Build.0 = Debug|Any CPU
		{95C1363C-BC2A-4A7F-A59C-7212CDDBC815}.Release|Any CPU.ActiveCfg = Release|Any CPU
		{95C1363C-BC2A-4A7F-A59C-7212CDDBC815}.Release|Any CPU.Build.0 = Release|Any CPU
	EndGlobalSection
	GlobalSection(SolutionProperties) = preSolution
		HideSolutionNode = FALSE
	EndGlobalSection
	GlobalSection(ExtensibilityGlobals) = postSolution
		SolutionGuid = {5E3922C6-C58D-4BCA-8C88-DB6878794539}
	EndGlobalSection
EndGlobal
